
Microsoft Visual Studio Solution File, Format Version 10.00
# Visual Studio 2008
Project("{FAE04EC0-301F-11D3-BF4B-00C04F79EFBC}") = "Core", "Core\Core.csproj", "{0B50DAA3-3B19-466E-A55C-2ADC7ECBA2DD}"
EndProject
Project("{FAE04EC0-301F-11D3-BF4B-00C04F79EFBC}") = "Console", "Console\Console.csproj", "{68758A4D-D8C0-4466-9320-5E21C1FE3467}"
EndProject
Global
	GlobalSection(SolutionConfigurationPlatforms) = preSolution
		Debug|Any CPU = Debug|Any CPU
		Release|Any CPU = Release|Any CPU
	EndGlobalSection
	GlobalSection(ProjectConfigurationPlatforms) = postSolution
		{0B50DAA3-3B19-466E-A55C-2ADC7ECBA2DD}.Debug|Any CPU.ActiveCfg = Debug|Any CPU
		{0B50DAA3-3B19-466E-A55C-2ADC7ECBA2DD}.Debug|Any CPU.Build.0 = Debug|Any CPU
		{0B50DAA3-3B19-466E-A55C-2ADC7ECBA2DD}.Release|Any CPU.ActiveCfg = Release|Any CPU
		{0B50DAA3-3B19-466E-A55C-2ADC7ECBA2DD}.Release|Any CPU.Build.0 = Release|Any CPU
		{68758A4D-D8C0-4466-9320-5E21C1FE3467}.Debug|Any CPU.ActiveCfg = Debug|Any CPU
		{68758A4D-D8C0-4466-9320-5E21C1FE3467}.Debug|Any CPU.Build.0 = Debug|Any CPU
		{68758A4D-D8C0-4466-9320-5E21C1FE3467}.Release|Any CPU.ActiveCfg = Release|Any CPU
		{68758A4D-D8C0-4466-9320-5E21C1FE3467}.Release|Any CPU.Build.0 = Release|Any CPU
	EndGlobalSection
	GlobalSection(SolutionProperties) = preSolution
		HideSolutionNode = FALSE
	EndGlobalSection
EndGlobal
